
Microsoft Visual Studio Solution File, Format Version 12.00
# Visual Studio Version 16
VisualStudioVersion = 16.0.30114.105
MinimumVisualStudioVersion = 10.0.40219.1
Project("{FAE04EC0-301F-11D3-BF4B-00C04F79EFBC}") = "ExemploFundamentos", "ExemploFundamentos\ExemploFundamentos.csproj", "{20869243-246F-4E75-A223-9FD27FF5BEEC}"
EndProject
Project("{FAE04EC0-301F-11D3-BF4B-00C04F79EFBC}") = "ExemploFundamentos.Common", "ExemploFundamentos.Common\ExemploFundamentos.Common.csproj", "{2300023A-970E-4239-9B57-99178AEA1071}"
EndProject
Global
	GlobalSection(SolutionConfigurationPlatforms) = preSolution
		Debug|Any CPU = Debug|Any CPU
		Release|Any CPU = Release|Any CPU
	EndGlobalSection
	GlobalSection(SolutionProperties) = preSolution
		HideSolutionNode = FALSE
	EndGlobalSection
	GlobalSection(ProjectConfigurationPlatforms) = postSolution
		{20869243-246F-4E75-A223-9FD27FF5BEEC}.Debug|Any CPU.ActiveCfg = Debug|Any CPU
		{20869243-246F-4E75-A223-9FD27FF5BEEC}.Debug|Any CPU.Build.0 = Debug|Any CPU
		{20869243-246F-4E75-A223-9FD27FF5BEEC}.Release|Any CPU.ActiveCfg = Release|Any CPU
		{20869243-246F-4E75-A223-9FD27FF5BEEC}.Release|Any CPU.Build.0 = Release|Any CPU
		{2300023A-970E-4239-9B57-99178AEA1071}.Debug|Any CPU.ActiveCfg = Debug|Any CPU
		{2300023A-970E-4239-9B57-99178AEA1071}.Debug|Any CPU.Build.0 = Debug|Any CPU
		{2300023A-970E-4239-9B57-99178AEA1071}.Release|Any CPU.ActiveCfg = Release|Any CPU
		{2300023A-970E-4239-9B57-99178AEA1071}.Release|Any CPU.Build.0 = Release|Any CPU
	EndGlobalSection
EndGlobal
